
Microsoft Visual Studio Solution File, Format Version 12.00
# Visual Studio 15
Project("{FAE04EC0-301F-11D3-BF4B-00C04F79EFBC}") = "NIRS_MuscleRecorder", "NIRS_MuscleRecorder\NIRS_MuscleRecorder.csproj", "{0598A21C-5E6B-406F-A5C6-EBE22131A252}"
EndProject
Global
	GlobalSection(SolutionConfigurationPlatforms) = preSolution
		Debug|anycpu = Debug|anycpu
		Release|anycpu = Release|anycpu
	EndGlobalSection
	GlobalSection(ProjectConfigurationPlatforms) = postSolution
		{0598A21C-5E6B-406F-A5C6-EBE22131A252}.Debug|anycpu.ActiveCfg = Debug|anycpu
		{0598A21C-5E6B-406F-A5C6-EBE22131A252}.Debug|anycpu.Build.0 = Debug|anycpu
		{0598A21C-5E6B-406F-A5C6-EBE22131A252}.Release|anycpu.ActiveCfg = Release|anycpu
		{0598A21C-5E6B-406F-A5C6-EBE22131A252}.Release|anycpu.Build.0 = Release|anycpu
	EndGlobalSection
EndGlobal
